
Microsoft Visual Studio Solution File, Format Version 12.00
# Visual Studio Version 17
VisualStudioVersion = 17.14.36429.23 d17.14
MinimumVisualStudioVersion = 10.0.40219.1
Project("{FAE04EC0-301F-11D3-BF4B-00C04F79EFBC}") = "mitulatbatihottaac#kodot", "mitulatbatihottaac#kodot\mitulatbatihottaac#kodot.csproj", "{CA082B95-DF46-4CF1-8F92-082BD5509843}"
EndProject
Global
	GlobalSection(SolutionConfigurationPlatforms) = preSolution
		Debug|Any CPU = Debug|Any CPU
		Release|Any CPU = Release|Any CPU
	EndGlobalSection
	GlobalSection(ProjectConfigurationPlatforms) = postSolution
		{CA082B95-DF46-4CF1-8F92-082BD5509843}.Debug|Any CPU.ActiveCfg = Debug|Any CPU
		{CA082B95-DF46-4CF1-8F92-082BD5509843}.Debug|Any CPU.Build.0 = Debug|Any CPU
		{CA082B95-DF46-4CF1-8F92-082BD5509843}.Release|Any CPU.ActiveCfg = Release|Any CPU
		{CA082B95-DF46-4CF1-8F92-082BD5509843}.Release|Any CPU.Build.0 = Release|Any CPU
	EndGlobalSection
	GlobalSection(SolutionProperties) = preSolution
		HideSolutionNode = FALSE
	EndGlobalSection
	GlobalSection(ExtensibilityGlobals) = postSolution
		SolutionGuid = {A23D1FCE-AE2A-43F1-8A92-8794E94A81D3}
	EndGlobalSection
EndGlobal
